
Microsoft Visual Studio Solution File, Format Version 12.00
# Visual Studio Version 16
VisualStudioVersion = 16.0.31321.278
MinimumVisualStudioVersion = 10.0.40219.1
Project("{8BC9CEB8-8B4A-11D0-8D11-00A0C91BC942}") = "FrameWork", "FrameWork\FrameWork\Code\FrameWork.vcxproj", "{1C147141-A28A-4876-96D4-49821AA357C2}"
EndProject
Project("{2150E333-8FDC-42A3-9474-1A3956D46DE8}") = "FrameWork", "FrameWork", "{9D0295CB-D519-4F88-8865-8543F9755F87}"
EndProject
Project("{2150E333-8FDC-42A3-9474-1A3956D46DE8}") = "Games", "Games", "{A47F894E-F828-48E5-AC27-98E51E089942}"
EndProject
Project("{2150E333-8FDC-42A3-9474-1A3956D46DE8}") = "RapBot", "RapBot", "{E52E8B34-49CC-4A22-8406-EAA1E170B986}"
EndProject
Project("{2150E333-8FDC-42A3-9474-1A3956D46DE8}") = "Samples", "Samples", "{8DDA6C2C-C5B6-4E0E-8B9B-591F2C01F436}"
EndProject
Project("{2150E333-8FDC-42A3-9474-1A3956D46DE8}") = "Utilities", "Utilities", "{51ED0B71-36BB-4AE9-90AD-9C87EFA18808}"
EndProject
Project("{8BC9CEB8-8B4A-11D0-8D11-00A0C91BC942}") = "Demo", "Samples\Demo\Code\Demo.vcxproj", "{7C223087-AF50-4E42-99D7-172E113C9A44}"
	ProjectSection(ProjectDependencies) = postProject
		{1C147141-A28A-4876-96D4-49821AA357C2} = {1C147141-A28A-4876-96D4-49821AA357C2}
	EndProjectSection
EndProject
Project("{8BC9CEB8-8B4A-11D0-8D11-00A0C91BC942}") = "Floors", "Samples\Floors\Code\Floors.vcxproj", "{F8954F93-B5C5-47F2-BFA5-E836C3542504}"
	ProjectSection(ProjectDependencies) = postProject
		{1C147141-A28A-4876-96D4-49821AA357C2} = {1C147141-A28A-4876-96D4-49821AA357C2}
	EndProjectSection
EndProject
Project("{8BC9CEB8-8B4A-11D0-8D11-00A0C91BC942}") = "RapBotAPI", "RapBot\RapBotAPI\Code\RapBotAPI.vcxproj", "{F78DEBE4-0C6B-432A-BC58-540F402EEC1E}"
	ProjectSection(ProjectDependencies) = postProject
		{1C147141-A28A-4876-96D4-49821AA357C2} = {1C147141-A28A-4876-96D4-49821AA357C2}
	EndProjectSection
EndProject
Project("{FAE04EC0-301F-11D3-BF4B-00C04F79EFBC}") = "RapBotStudio", "RapBot\RapBotStudio\RapBotStudio.csproj", "{CC003790-B30D-4578-8650-35D93BCEC8FA}"
	ProjectSection(ProjectDependencies) = postProject
		{16CE59E5-ABD8-41B2-B76A-3D125F3621F7} = {16CE59E5-ABD8-41B2-B76A-3D125F3621F7}
	EndProjectSection
EndProject
Project("{8BC9CEB8-8B4A-11D0-8D11-00A0C91BC942}") = "FrameWorkWrapper", "FrameWork\FrameWorkWrapper\Code\FrameWorkWrapper.vcxproj", "{16CE59E5-ABD8-41B2-B76A-3D125F3621F7}"
	ProjectSection(ProjectDependencies) = postProject
		{1C147141-A28A-4876-96D4-49821AA357C2} = {1C147141-A28A-4876-96D4-49821AA357C2}
	EndProjectSection
EndProject
Project("{8BC9CEB8-8B4A-11D0-8D11-00A0C91BC942}") = "RapBotWrapper", "RapBot\RapBotWrapper\Code\RapBotWrapper.vcxproj", "{A83DBEA6-F1E8-41DC-B864-128E6F34942A}"
	ProjectSection(ProjectDependencies) = postProject
		{1C147141-A28A-4876-96D4-49821AA357C2} = {1C147141-A28A-4876-96D4-49821AA357C2}
		{F78DEBE4-0C6B-432A-BC58-540F402EEC1E} = {F78DEBE4-0C6B-432A-BC58-540F402EEC1E}
	EndProjectSection
EndProject
Project("{8BC9CEB8-8B4A-11D0-8D11-00A0C91BC942}") = "Checklist", "Samples\Checklist\Code\Checklist.vcxproj", "{75C2CF2B-4A29-4F8B-B62B-2105866E8CE9}"
	ProjectSection(ProjectDependencies) = postProject
		{1C147141-A28A-4876-96D4-49821AA357C2} = {1C147141-A28A-4876-96D4-49821AA357C2}
	EndProjectSection
EndProject
Project("{8BC9CEB8-8B4A-11D0-8D11-00A0C91BC942}") = "TSOIRebirth", "Games\TSOIRebirth\Code\TSOIRebirth.vcxproj", "{A7F9572E-05B3-4141-8E9B-2D375DD29C93}"
	ProjectSection(ProjectDependencies) = postProject
		{1C147141-A28A-4876-96D4-49821AA357C2} = {1C147141-A28A-4876-96D4-49821AA357C2}
	EndProjectSection
EndProject
Project("{8BC9CEB8-8B4A-11D0-8D11-00A0C91BC942}") = "SoIREditor", "Utilities\SoIREditor\Code\SoIREditor.vcxproj", "{D6BFAC03-0C78-4AF1-8EF3-5E4B005F53AE}"
	ProjectSection(ProjectDependencies) = postProject
		{A7F9572E-05B3-4141-8E9B-2D375DD29C93} = {A7F9572E-05B3-4141-8E9B-2D375DD29C93}
		{1C147141-A28A-4876-96D4-49821AA357C2} = {1C147141-A28A-4876-96D4-49821AA357C2}
	EndProjectSection
EndProject
Project("{8BC9CEB8-8B4A-11D0-8D11-00A0C91BC942}") = "DllLauncher", "FrameWork\DllLauncher\Code\DllLauncher.vcxproj", "{40F23FE0-416D-4932-859C-C10351059A7C}"
EndProject
Global
	GlobalSection(SolutionConfigurationPlatforms) = preSolution
		Debug|Any CPU = Debug|Any CPU
		Debug|x64 = Debug|x64
		Debug|x86 = Debug|x86
		Release|Any CPU = Release|Any CPU
		Release|x64 = Release|x64
		Release|x86 = Release|x86
		Retail|Any CPU = Retail|Any CPU
		Retail|x64 = Retail|x64
		Retail|x86 = Retail|x86
	EndGlobalSection
	GlobalSection(ProjectConfigurationPlatforms) = postSolution
		{1C147141-A28A-4876-96D4-49821AA357C2}.Debug|Any CPU.ActiveCfg = Debug|Win32
		{1C147141-A28A-4876-96D4-49821AA357C2}.Debug|Any CPU.Build.0 = Debug|Win32
		{1C147141-A28A-4876-96D4-49821AA357C2}.Debug|x64.ActiveCfg = Debug|x64
		{1C147141-A28A-4876-96D4-49821AA357C2}.Debug|x64.Build.0 = Debug|x64
		{1C147141-A28A-4876-96D4-49821AA357C2}.Debug|x86.ActiveCfg = Debug|Win32
		{1C147141-A28A-4876-96D4-49821AA357C2}.Debug|x86.Build.0 = Debug|Win32
		{1C147141-A28A-4876-96D4-49821AA357C2}.Release|Any CPU.ActiveCfg = Release|Win32
		{1C147141-A28A-4876-96D4-49821AA357C2}.Release|x64.ActiveCfg = Debug|x64
		{1C147141-A28A-4876-96D4-49821AA357C2}.Release|x64.Build.0 = Debug|x64
		{1C147141-A28A-4876-96D4-49821AA357C2}.Release|x86.ActiveCfg = Release|Win32
		{1C147141-A28A-4876-96D4-49821AA357C2}.Release|x86.Build.0 = Release|Win32
		{1C147141-A28A-4876-96D4-49821AA357C2}.Retail|Any CPU.ActiveCfg = Retail|Win32
		{1C147141-A28A-4876-96D4-49821AA357C2}.Retail|x64.ActiveCfg = Retail|x64
		{1C147141-A28A-4876-96D4-49821AA357C2}.Retail|x64.Build.0 = Retail|x64
		{1C147141-A28A-4876-96D4-49821AA357C2}.Retail|x86.ActiveCfg = Retail|Win32
		{1C147141-A28A-4876-96D4-49821AA357C2}.Retail|x86.Build.0 = Retail|Win32
		{7C223087-AF50-4E42-99D7-172E113C9A44}.Debug|Any CPU.ActiveCfg = Debug|Win32
		{7C223087-AF50-4E42-99D7-172E113C9A44}.Debug|Any CPU.Build.0 = Debug|Win32
		{7C223087-AF50-4E42-99D7-172E113C9A44}.Debug|x64.ActiveCfg = Debug|x64
		{7C223087-AF50-4E42-99D7-172E113C9A44}.Debug|x64.Build.0 = Debug|x64
		{7C223087-AF50-4E42-99D7-172E113C9A44}.Debug|x86.ActiveCfg = Debug|Win32
		{7C223087-AF50-4E42-99D7-172E113C9A44}.Debug|x86.Build.0 = Debug|Win32
		{7C223087-AF50-4E42-99D7-172E113C9A44}.Release|Any CPU.ActiveCfg = Release|Win32
		{7C223087-AF50-4E42-99D7-172E113C9A44}.Release|x64.ActiveCfg = Debug|x64
		{7C223087-AF50-4E42-99D7-172E113C9A44}.Release|x64.Build.0 = Debug|x64
		{7C223087-AF50-4E42-99D7-172E113C9A44}.Release|x86.ActiveCfg = Release|Win32
		{7C223087-AF50-4E42-99D7-172E113C9A44}.Release|x86.Build.0 = Release|Win32
		{7C223087-AF50-4E42-99D7-172E113C9A44}.Retail|Any CPU.ActiveCfg = Retail|Win32
		{7C223087-AF50-4E42-99D7-172E113C9A44}.Retail|x64.ActiveCfg = Retail|x64
		{7C223087-AF50-4E42-99D7-172E113C9A44}.Retail|x64.Build.0 = Retail|x64
		{7C223087-AF50-4E42-99D7-172E113C9A44}.Retail|x86.ActiveCfg = Retail|Win32
		{7C223087-AF50-4E42-99D7-172E113C9A44}.Retail|x86.Build.0 = Retail|Win32
		{F8954F93-B5C5-47F2-BFA5-E836C3542504}.Debug|Any CPU.ActiveCfg = Debug|Win32
		{F8954F93-B5C5-47F2-BFA5-E836C3542504}.Debug|Any CPU.Build.0 = Debug|Win32
		{F8954F93-B5C5-47F2-BFA5-E836C3542504}.Debug|x64.ActiveCfg = Debug|x64
		{F8954F93-B5C5-47F2-BFA5-E836C3542504}.Debug|x64.Build.0 = Debug|x64
		{F8954F93-B5C5-47F2-BFA5-E836C3542504}.Debug|x86.ActiveCfg = Debug|Win32
		{F8954F93-B5C5-47F2-BFA5-E836C3542504}.Debug|x86.Build.0 = Debug|Win32
		{F8954F93-B5C5-47F2-BFA5-E836C3542504}.Release|Any CPU.ActiveCfg = Release|Win32
		{F8954F93-B5C5-47F2-BFA5-E836C3542504}.Release|x64.ActiveCfg = Debug|x64
		{F8954F93-B5C5-47F2-BFA5-E836C3542504}.Release|x64.Build.0 = Debug|x64
		{F8954F93-B5C5-47F2-BFA5-E836C3542504}.Release|x86.ActiveCfg = Release|Win32
		{F8954F93-B5C5-47F2-BFA5-E836C3542504}.Release|x86.Build.0 = Release|Win32
		{F8954F93-B5C5-47F2-BFA5-E836C3542504}.Retail|Any CPU.ActiveCfg = Retail|Win32
		{F8954F93-B5C5-47F2-BFA5-E836C3542504}.Retail|x64.ActiveCfg = Retail|x64
		{F8954F93-B5C5-47F2-BFA5-E836C3542504}.Retail|x64.Build.0 = Retail|x64
		{F8954F93-B5C5-47F2-BFA5-E836C3542504}.Retail|x86.ActiveCfg = Retail|Win32
		{F8954F93-B5C5-47F2-BFA5-E836C3542504}.Retail|x86.Build.0 = Retail|Win32
		{F78DEBE4-0C6B-432A-BC58-540F402EEC1E}.Debug|Any CPU.ActiveCfg = Debug|Win32
		{F78DEBE4-0C6B-432A-BC58-540F402EEC1E}.Debug|Any CPU.Build.0 = Debug|Win32
		{F78DEBE4-0C6B-432A-BC58-540F402EEC1E}.Debug|x64.ActiveCfg = Debug|x64
		{F78DEBE4-0C6B-432A-BC58-540F402EEC1E}.Debug|x64.Build.0 = Debug|x64
		{F78DEBE4-0C6B-432A-BC58-540F402EEC1E}.Debug|x86.ActiveCfg = Debug|Win32
		{F78DEBE4-0C6B-432A-BC58-540F402EEC1E}.Debug|x86.Build.0 = Debug|Win32
		{F78DEBE4-0C6B-432A-BC58-540F402EEC1E}.Release|Any CPU.ActiveCfg = Release|Win32
		{F78DEBE4-0C6B-432A-BC58-540F402EEC1E}.Release|x64.ActiveCfg = Release|x64
		{F78DEBE4-0C6B-432A-BC58-540F402EEC1E}.Release|x64.Build.0 = Release|x64
		{F78DEBE4-0C6B-432A-BC58-540F402EEC1E}.Release|x86.ActiveCfg = Release|Win32
		{F78DEBE4-0C6B-432A-BC58-540F402EEC1E}.Release|x86.Build.0 = Release|Win32
		{F78DEBE4-0C6B-432A-BC58-540F402EEC1E}.Retail|Any CPU.ActiveCfg = Retail|Win32
		{F78DEBE4-0C6B-432A-BC58-540F402EEC1E}.Retail|x64.ActiveCfg = Retail|x64
		{F78DEBE4-0C6B-432A-BC58-540F402EEC1E}.Retail|x64.Build.0 = Retail|x64
		{F78DEBE4-0C6B-432A-BC58-540F402EEC1E}.Retail|x86.ActiveCfg = Retail|Win32
		{F78DEBE4-0C6B-432A-BC58-540F402EEC1E}.Retail|x86.Build.0 = Retail|Win32
		{CC003790-B30D-4578-8650-35D93BCEC8FA}.Debug|Any CPU.ActiveCfg = Debug|Any CPU
		{CC003790-B30D-4578-8650-35D93BCEC8FA}.Debug|Any CPU.Build.0 = Debug|Any CPU
		{CC003790-B30D-4578-8650-35D93BCEC8FA}.Debug|x64.ActiveCfg = Debug|Any CPU
		{CC003790-B30D-4578-8650-35D93BCEC8FA}.Debug|x64.Build.0 = Debug|Any CPU
		{CC003790-B30D-4578-8650-35D93BCEC8FA}.Debug|x86.ActiveCfg = Debug|Any CPU
		{CC003790-B30D-4578-8650-35D93BCEC8FA}.Debug|x86.Build.0 = Debug|Any CPU
		{CC003790-B30D-4578-8650-35D93BCEC8FA}.Release|Any CPU.ActiveCfg = Release|Any CPU
		{CC003790-B30D-4578-8650-35D93BCEC8FA}.Release|Any CPU.Build.0 = Release|Any CPU
		{CC003790-B30D-4578-8650-35D93BCEC8FA}.Release|x64.ActiveCfg = Release|Any CPU
		{CC003790-B30D-4578-8650-35D93BCEC8FA}.Release|x64.Build.0 = Release|Any CPU
		{CC003790-B30D-4578-8650-35D93BCEC8FA}.Release|x86.ActiveCfg = Release|Any CPU
		{CC003790-B30D-4578-8650-35D93BCEC8FA}.Release|x86.Build.0 = Release|Any CPU
		{CC003790-B30D-4578-8650-35D93BCEC8FA}.Retail|Any CPU.ActiveCfg = Retail|Any CPU
		{CC003790-B30D-4578-8650-35D93BCEC8FA}.Retail|Any CPU.Build.0 = Retail|Any CPU
		{CC003790-B30D-4578-8650-35D93BCEC8FA}.Retail|x64.ActiveCfg = Retail|Any CPU
		{CC003790-B30D-4578-8650-35D93BCEC8FA}.Retail|x64.Build.0 = Retail|Any CPU
		{CC003790-B30D-4578-8650-35D93BCEC8FA}.Retail|x86.ActiveCfg = Retail|Any CPU
		{CC003790-B30D-4578-8650-35D93BCEC8FA}.Retail|x86.Build.0 = Retail|Any CPU
		{16CE59E5-ABD8-41B2-B76A-3D125F3621F7}.Debug|Any CPU.ActiveCfg = Debug|Win32
		{16CE59E5-ABD8-41B2-B76A-3D125F3621F7}.Debug|Any CPU.Build.0 = Debug|Win32
		{16CE59E5-ABD8-41B2-B76A-3D125F3621F7}.Debug|x64.ActiveCfg = Debug|x64
		{16CE59E5-ABD8-41B2-B76A-3D125F3621F7}.Debug|x64.Build.0 = Debug|x64
		{16CE59E5-ABD8-41B2-B76A-3D125F3621F7}.Debug|x86.ActiveCfg = Debug|Win32
		{16CE59E5-ABD8-41B2-B76A-3D125F3621F7}.Debug|x86.Build.0 = Debug|Win32
		{16CE59E5-ABD8-41B2-B76A-3D125F3621F7}.Release|Any CPU.ActiveCfg = Release|Win32
		{16CE59E5-ABD8-41B2-B76A-3D125F3621F7}.Release|x64.ActiveCfg = Release|x64
		{16CE59E5-ABD8-41B2-B76A-3D125F3621F7}.Release|x64.Build.0 = Release|x64
		{16CE59E5-ABD8-41B2-B76A-3D125F3621F7}.Release|x86.ActiveCfg = Release|Win32
		{16CE59E5-ABD8-41B2-B76A-3D125F3621F7}.Release|x86.Build.0 = Release|Win32
		{16CE59E5-ABD8-41B2-B76A-3D125F3621F7}.Retail|Any CPU.ActiveCfg = Retail|Win32
		{16CE59E5-ABD8-41B2-B76A-3D125F3621F7}.Retail|x64.ActiveCfg = Retail|x64
		{16CE59E5-ABD8-41B2-B76A-3D125F3621F7}.Retail|x64.Build.0 = Retail|x64
		{16CE59E5-ABD8-41B2-B76A-3D125F3621F7}.Retail|x86.ActiveCfg = Retail|Win32
		{16CE59E5-ABD8-41B2-B76A-3D125F3621F7}.Retail|x86.Build.0 = Retail|Win32
		{A83DBEA6-F1E8-41DC-B864-128E6F34942A}.Debug|Any CPU.ActiveCfg = Debug|Win32
		{A83DBEA6-F1E8-41DC-B864-128E6F34942A}.Debug|Any CPU.Build.0 = Debug|Win32
		{A83DBEA6-F1E8-41DC-B864-128E6F34942A}.Debug|x64.ActiveCfg = Debug|x64
		{A83DBEA6-F1E8-41DC-B864-128E6F34942A}.Debug|x64.Build.0 = Debug|x64
		{A83DBEA6-F1E8-41DC-B864-128E6F34942A}.Debug|x86.ActiveCfg = Debug|Win32
		{A83DBEA6-F1E8-41DC-B864-128E6F34942A}.Debug|x86.Build.0 = Debug|Win32
		{A83DBEA6-F1E8-41DC-B864-128E6F34942A}.Release|Any CPU.ActiveCfg = Release|Win32
		{A83DBEA6-F1E8-41DC-B864-128E6F34942A}.Release|x64.ActiveCfg = Release|x64
		{A83DBEA6-F1E8-41DC-B864-128E6F34942A}.Release|x64.Build.0 = Release|x64
		{A83DBEA6-F1E8-41DC-B864-128E6F34942A}.Release|x86.ActiveCfg = Release|Win32
		{A83DBEA6-F1E8-41DC-B864-128E6F34942A}.Release|x86.Build.0 = Release|Win32
		{A83DBEA6-F1E8-41DC-B864-128E6F34942A}.Retail|Any CPU.ActiveCfg = Retail|Win32
		{A83DBEA6-F1E8-41DC-B864-128E6F34942A}.Retail|x64.ActiveCfg = Retail|x64
		{A83DBEA6-F1E8-41DC-B864-128E6F34942A}.Retail|x64.Build.0 = Retail|x64
		{A83DBEA6-F1E8-41DC-B864-128E6F34942A}.Retail|x86.ActiveCfg = Retail|Win32
		{A83DBEA6-F1E8-41DC-B864-128E6F34942A}.Retail|x86.Build.0 = Retail|Win32
		{75C2CF2B-4A29-4F8B-B62B-2105866E8CE9}.Debug|Any CPU.ActiveCfg = Debug|Win32
		{75C2CF2B-4A29-4F8B-B62B-2105866E8CE9}.Debug|x64.ActiveCfg = Debug|x64
		{75C2CF2B-4A29-4F8B-B62B-2105866E8CE9}.Debug|x64.Build.0 = Debug|x64
		{75C2CF2B-4A29-4F8B-B62B-2105866E8CE9}.Debug|x86.ActiveCfg = Debug|Win32
		{75C2CF2B-4A29-4F8B-B62B-2105866E8CE9}.Debug|x86.Build.0 = Debug|Win32
		{75C2CF2B-4A29-4F8B-B62B-2105866E8CE9}.Release|Any CPU.ActiveCfg = Release|Win32
		{75C2CF2B-4A29-4F8B-B62B-2105866E8CE9}.Release|x64.ActiveCfg = Release|x64
		{75C2CF2B-4A29-4F8B-B62B-2105866E8CE9}.Release|x64.Build.0 = Release|x64
		{75C2CF2B-4A29-4F8B-B62B-2105866E8CE9}.Release|x86.ActiveCfg = Release|Win32
		{75C2CF2B-4A29-4F8B-B62B-2105866E8CE9}.Release|x86.Build.0 = Release|Win32
		{75C2CF2B-4A29-4F8B-B62B-2105866E8CE9}.Retail|Any CPU.ActiveCfg = Retail|Win32
		{75C2CF2B-4A29-4F8B-B62B-2105866E8CE9}.Retail|x64.ActiveCfg = Retail|x64
		{75C2CF2B-4A29-4F8B-B62B-2105866E8CE9}.Retail|x64.Build.0 = Retail|x64
		{75C2CF2B-4A29-4F8B-B62B-2105866E8CE9}.Retail|x86.ActiveCfg = Retail|Win32
		{75C2CF2B-4A29-4F8B-B62B-2105866E8CE9}.Retail|x86.Build.0 = Retail|Win32
		{A7F9572E-05B3-4141-8E9B-2D375DD29C93}.Debug|Any CPU.ActiveCfg = Debug|Win32
		{A7F9572E-05B3-4141-8E9B-2D375DD29C93}.Debug|x64.ActiveCfg = Debug|x64
		{A7F9572E-05B3-4141-8E9B-2D375DD29C93}.Debug|x64.Build.0 = Debug|x64
		{A7F9572E-05B3-4141-8E9B-2D375DD29C93}.Debug|x86.ActiveCfg = Debug|Win32
		{A7F9572E-05B3-4141-8E9B-2D375DD29C93}.Debug|x86.Build.0 = Debug|Win32
		{A7F9572E-05B3-4141-8E9B-2D375DD29C93}.Release|Any CPU.ActiveCfg = Release|Win32
		{A7F9572E-05B3-4141-8E9B-2D375DD29C93}.Release|x64.ActiveCfg = Release|x64
		{A7F9572E-05B3-4141-8E9B-2D375DD29C93}.Release|x64.Build.0 = Release|x64
		{A7F9572E-05B3-4141-8E9B-2D375DD29C93}.Release|x86.ActiveCfg = Release|Win32
		{A7F9572E-05B3-4141-8E9B-2D375DD29C93}.Release|x86.Build.0 = Release|Win32
		{A7F9572E-05B3-4141-8E9B-2D375DD29C93}.Retail|Any CPU.ActiveCfg = Retail|Win32
		{A7F9572E-05B3-4141-8E9B-2D375DD29C93}.Retail|x64.ActiveCfg = Retail|x64
		{A7F9572E-05B3-4141-8E9B-2D375DD29C93}.Retail|x64.Build.0 = Retail|x64
		{A7F9572E-05B3-4141-8E9B-2D375DD29C93}.Retail|x86.ActiveCfg = Retail|Win32
		{A7F9572E-05B3-4141-8E9B-2D375DD29C93}.Retail|x86.Build.0 = Retail|Win32
		{D6BFAC03-0C78-4AF1-8EF3-5E4B005F53AE}.Debug|Any CPU.ActiveCfg = Debug|Win32
		{D6BFAC03-0C78-4AF1-8EF3-5E4B005F53AE}.Debug|x64.ActiveCfg = Debug|x64
		{D6BFAC03-0C78-4AF1-8EF3-5E4B005F53AE}.Debug|x64.Build.0 = Debug|x64
		{D6BFAC03-0C78-4AF1-8EF3-5E4B005F53AE}.Debug|x86.ActiveCfg = Debug|Win32
		{D6BFAC03-0C78-4AF1-8EF3-5E4B005F53AE}.Debug|x86.Build.0 = Debug|Win32
		{D6BFAC03-0C78-4AF1-8EF3-5E4B005F53AE}.Release|Any CPU.ActiveCfg = Release|Win32
		{D6BFAC03-0C78-4AF1-8EF3-5E4B005F53AE}.Release|x64.ActiveCfg = Release|x64
		{D6BFAC03-0C78-4AF1-8EF3-5E4B005F53AE}.Release|x64.Build.0 = Release|x64
		{D6BFAC03-0C78-4AF1-8EF3-5E4B005F53AE}.Release|x86.ActiveCfg = Release|Win32
		{D6BFAC03-0C78-4AF1-8EF3-5E4B005F53AE}.Release|x86.Build.0 = Release|Win32
		{D6BFAC03-0C78-4AF1-8EF3-5E4B005F53AE}.Retail|Any CPU.ActiveCfg = Retail|Win32
		{D6BFAC03-0C78-4AF1-8EF3-5E4B005F53AE}.Retail|x64.ActiveCfg = Retail|x64
		{D6BFAC03-0C78-4AF1-8EF3-5E4B005F53AE}.Retail|x64.Build.0 = Retail|x64
		{D6BFAC03-0C78-4AF1-8EF3-5E4B005F53AE}.Retail|x86.ActiveCfg = Retail|Win32
		{D6BFAC03-0C78-4AF1-8EF3-5E4B005F53AE}.Retail|x86.Build.0 = Retail|Win32
		{40F23FE0-416D-4932-859C-C10351059A7C}.Debug|Any CPU.ActiveCfg = Debug|Win32
		{40F23FE0-416D-4932-859C-C10351059A7C}.Debug|x64.ActiveCfg = Debug|x64
		{40F23FE0-416D-4932-859C-C10351059A7C}.Debug|x64.Build.0 = Debug|x64
		{40F23FE0-416D-4932-859C-C10351059A7C}.Debug|x86.ActiveCfg = Debug|Win32
		{40F23FE0-416D-4932-859C-C10351059A7C}.Debug|x86.Build.0 = Debug|Win32
		{40F23FE0-416D-4932-859C-C10351059A7C}.Release|Any CPU.ActiveCfg = Release|Win32
		{40F23FE0-416D-4932-859C-C10351059A7C}.Release|x64.ActiveCfg = Release|x64
		{40F23FE0-416D-4932-859C-C10351059A7C}.Release|x64.Build.0 = Release|x64
		{40F23FE0-416D-4932-859C-C10351059A7C}.Release|x86.ActiveCfg = Release|Win32
		{40F23FE0-416D-4932-859C-C10351059A7C}.Release|x86.Build.0 = Release|Win32
		{40F23FE0-416D-4932-859C-C10351059A7C}.Retail|Any CPU.ActiveCfg = Retail|Win32
		{40F23FE0-416D-4932-859C-C10351059A7C}.Retail|x64.ActiveCfg = Retail|x64
		{40F23FE0-416D-4932-859C-C10351059A7C}.Retail|x64.Build.0 = Retail|x64
		{40F23FE0-416D-4932-859C-C10351059A7C}.Retail|x86.ActiveCfg = Retail|Win32
		{40F23FE0-416D-4932-859C-C10351059A7C}.Retail|x86.Build.0 = Retail|Win32
	EndGlobalSection
	GlobalSection(SolutionProperties) = preSolution
		HideSolutionNode = FALSE
	EndGlobalSection
	GlobalSection(NestedProjects) = preSolution
		{1C147141-A28A-4876-96D4-49821AA357C2} = {9D0295CB-D519-4F88-8865-8543F9755F87}
		{7C223087-AF50-4E42-99D7-172E113C9A44} = {8DDA6C2C-C5B6-4E0E-8B9B-591F2C01F436}
		{F8954F93-B5C5-47F2-BFA5-E836C3542504} = {8DDA6C2C-C5B6-4E0E-8B9B-591F2C01F436}
		{F78DEBE4-0C6B-432A-BC58-540F402EEC1E} = {E52E8B34-49CC-4A22-8406-EAA1E170B986}
		{CC003790-B30D-4578-8650-35D93BCEC8FA} = {E52E8B34-49CC-4A22-8406-EAA1E170B986}
		{16CE59E5-ABD8-41B2-B76A-3D125F3621F7} = {9D0295CB-D519-4F88-8865-8543F9755F87}
		{A83DBEA6-F1E8-41DC-B864-128E6F34942A} = {E52E8B34-49CC-4A22-8406-EAA1E170B986}
		{75C2CF2B-4A29-4F8B-B62B-2105866E8CE9} = {8DDA6C2C-C5B6-4E0E-8B9B-591F2C01F436}
		{A7F9572E-05B3-4141-8E9B-2D375DD29C93} = {A47F894E-F828-48E5-AC27-98E51E089942}
		{D6BFAC03-0C78-4AF1-8EF3-5E4B005F53AE} = {51ED0B71-36BB-4AE9-90AD-9C87EFA18808}
		{40F23FE0-416D-4932-859C-C10351059A7C} = {9D0295CB-D519-4F88-8865-8543F9755F87}
	EndGlobalSection
	GlobalSection(ExtensibilityGlobals) = postSolution
		SolutionGuid = {6C9FF9E7-2386-4E3E-BC0E-F3FAF4310B43}
	EndGlobalSection
EndGlobal
