
Microsoft Visual Studio Solution File, Format Version 12.00
# Visual Studio Version 17
VisualStudioVersion = 17.5.33627.172
MinimumVisualStudioVersion = 10.0.40219.1
Project("{8BC9CEB8-8B4A-11D0-8D11-00A0C91BC942}") = "FrameWork", "FrameWork\FrameWork\Code\FrameWork.vcxproj", "{1C147141-A28A-4876-96D4-49821AA357C2}"
	ProjectSection(ProjectDependencies) = postProject
		{9FD4D7ED-57FE-4576-B393-EB0E334C23BE} = {9FD4D7ED-57FE-4576-B393-EB0E334C23BE}
	EndProjectSection
EndProject
Project("{2150E333-8FDC-42A3-9474-1A3956D46DE8}") = "FrameWork", "FrameWork", "{9D0295CB-D519-4F88-8865-8543F9755F87}"
EndProject
Project("{2150E333-8FDC-42A3-9474-1A3956D46DE8}") = "Games", "Games", "{A47F894E-F828-48E5-AC27-98E51E089942}"
EndProject
Project("{2150E333-8FDC-42A3-9474-1A3956D46DE8}") = "Samples", "Samples", "{8DDA6C2C-C5B6-4E0E-8B9B-591F2C01F436}"
EndProject
Project("{2150E333-8FDC-42A3-9474-1A3956D46DE8}") = "Utilities", "Utilities", "{51ED0B71-36BB-4AE9-90AD-9C87EFA18808}"
EndProject
Project("{8BC9CEB8-8B4A-11D0-8D11-00A0C91BC942}") = "FrameWorkWrapper", "FrameWork\FrameWorkWrapper\Code\FrameWorkWrapper.vcxproj", "{16CE59E5-ABD8-41B2-B76A-3D125F3621F7}"
	ProjectSection(ProjectDependencies) = postProject
		{1C147141-A28A-4876-96D4-49821AA357C2} = {1C147141-A28A-4876-96D4-49821AA357C2}
	EndProjectSection
EndProject
Project("{8BC9CEB8-8B4A-11D0-8D11-00A0C91BC942}") = "DllLauncher", "FrameWork\DllLauncher\Code\DllLauncher.vcxproj", "{40F23FE0-416D-4932-859C-C10351059A7C}"
EndProject
Project("{8BC9CEB8-8B4A-11D0-8D11-00A0C91BC942}") = "ExternalWrapper", "FrameWork\ExternalWrapper\Code\ExternalWrapper.vcxproj", "{9FD4D7ED-57FE-4576-B393-EB0E334C23BE}"
	ProjectSection(ProjectDependencies) = postProject
		{2F534172-42FD-4A0C-9B56-AD48D4CEFDE1} = {2F534172-42FD-4A0C-9B56-AD48D4CEFDE1}
	EndProjectSection
EndProject
Project("{9A19103F-16F7-4668-BE54-9A1E7A4F7556}") = "FileEncrypter", "FrameWork\FileEncrypter\FileEncrypter.csproj", "{2F534172-42FD-4A0C-9B56-AD48D4CEFDE1}"
EndProject
Project("{9A19103F-16F7-4668-BE54-9A1E7A4F7556}") = "ProjectCreator", "FrameWork\ProjectCreator\ProjectCreator.csproj", "{2ADE0B8F-B52A-4657-AC6D-9713121243DF}"
EndProject
Project("{8BC9CEB8-8B4A-11D0-8D11-00A0C91BC942}") = "Demo", "Samples\Demo\Code\Demo.vcxproj", "{7C223087-AF50-4E42-99D7-172E113C9A44}"
	ProjectSection(ProjectDependencies) = postProject
		{1C147141-A28A-4876-96D4-49821AA357C2} = {1C147141-A28A-4876-96D4-49821AA357C2}
	EndProjectSection
EndProject
Project("{8BC9CEB8-8B4A-11D0-8D11-00A0C91BC942}") = "BareboneDemo", "Samples\BareboneDemo\Code\BareboneDemo.vcxproj", "{7A6899B5-558E-4FD3-ACAE-7A5F96F7D1BF}"
EndProject
Project("{8BC9CEB8-8B4A-11D0-8D11-00A0C91BC942}") = "Checklist", "Samples\Checklist\Code\Checklist.vcxproj", "{75C2CF2B-4A29-4F8B-B62B-2105866E8CE9}"
EndProject
Project("{8BC9CEB8-8B4A-11D0-8D11-00A0C91BC942}") = "Floors", "Samples\Floors\Code\Floors.vcxproj", "{F8954F93-B5C5-47F2-BFA5-E836C3542504}"
EndProject
Project("{8BC9CEB8-8B4A-11D0-8D11-00A0C91BC942}") = "MiniGames", "Samples\MiniGames\Code\MiniGames.vcxproj", "{6C22FC99-D211-454F-9380-0CE5FBFA68DA}"
EndProject
Project("{8BC9CEB8-8B4A-11D0-8D11-00A0C91BC942}") = "SoIREditor", "Utilities\SoIREditor\Code\SoIREditor.vcxproj", "{D6BFAC03-0C78-4AF1-8EF3-5E4B005F53AE}"
EndProject
Project("{8BC9CEB8-8B4A-11D0-8D11-00A0C91BC942}") = "HadesBoonHelper", "Utilities\HadesBoonHelper\Code\HadesBoonHelper.vcxproj", "{516BB5EE-1825-4F44-88BE-9971763CCAC5}"
EndProject
Project("{8BC9CEB8-8B4A-11D0-8D11-00A0C91BC942}") = "TSOIRebirth", "Games\TSOIRebirth\Code\TSOIRebirth.vcxproj", "{A7F9572E-05B3-4141-8E9B-2D375DD29C93}"
EndProject
Project("{8BC9CEB8-8B4A-11D0-8D11-00A0C91BC942}") = "PerlerMaker", "Utilities\PerlerMaker\Code\PerlerMaker.vcxproj", "{E7EE1568-0879-4B92-96F8-A05187328194}"
	ProjectSection(ProjectDependencies) = postProject
		{1C147141-A28A-4876-96D4-49821AA357C2} = {1C147141-A28A-4876-96D4-49821AA357C2}
	EndProjectSection
EndProject
Project("{8BC9CEB8-8B4A-11D0-8D11-00A0C91BC942}") = "MarathonMessageCreator", "Utilities\MarathonMessageCreator\Code\MarathonMessageCreator.vcxproj", "{DEED3BFE-7AC0-4460-8669-4984B6166B8A}"
	ProjectSection(ProjectDependencies) = postProject
		{1C147141-A28A-4876-96D4-49821AA357C2} = {1C147141-A28A-4876-96D4-49821AA357C2}
	EndProjectSection
EndProject
Global
	GlobalSection(SolutionConfigurationPlatforms) = preSolution
		Debug|Any CPU = Debug|Any CPU
		Debug|x64 = Debug|x64
		Debug|x86 = Debug|x86
		Release|Any CPU = Release|Any CPU
		Release|x64 = Release|x64
		Release|x86 = Release|x86
		Retail|Any CPU = Retail|Any CPU
		Retail|x64 = Retail|x64
		Retail|x86 = Retail|x86
	EndGlobalSection
	GlobalSection(ProjectConfigurationPlatforms) = postSolution
		{1C147141-A28A-4876-96D4-49821AA357C2}.Debug|Any CPU.ActiveCfg = Debug|Win32
		{1C147141-A28A-4876-96D4-49821AA357C2}.Debug|Any CPU.Build.0 = Debug|Win32
		{1C147141-A28A-4876-96D4-49821AA357C2}.Debug|x64.ActiveCfg = Debug|x64
		{1C147141-A28A-4876-96D4-49821AA357C2}.Debug|x64.Build.0 = Debug|x64
		{1C147141-A28A-4876-96D4-49821AA357C2}.Debug|x86.ActiveCfg = Debug|Win32
		{1C147141-A28A-4876-96D4-49821AA357C2}.Debug|x86.Build.0 = Debug|Win32
		{1C147141-A28A-4876-96D4-49821AA357C2}.Release|Any CPU.ActiveCfg = Release|Win32
		{1C147141-A28A-4876-96D4-49821AA357C2}.Release|x64.ActiveCfg = Debug|x64
		{1C147141-A28A-4876-96D4-49821AA357C2}.Release|x64.Build.0 = Debug|x64
		{1C147141-A28A-4876-96D4-49821AA357C2}.Release|x86.ActiveCfg = Release|Win32
		{1C147141-A28A-4876-96D4-49821AA357C2}.Release|x86.Build.0 = Release|Win32
		{1C147141-A28A-4876-96D4-49821AA357C2}.Retail|Any CPU.ActiveCfg = Retail|Win32
		{1C147141-A28A-4876-96D4-49821AA357C2}.Retail|x64.ActiveCfg = Retail|x64
		{1C147141-A28A-4876-96D4-49821AA357C2}.Retail|x64.Build.0 = Retail|x64
		{1C147141-A28A-4876-96D4-49821AA357C2}.Retail|x86.ActiveCfg = Retail|Win32
		{1C147141-A28A-4876-96D4-49821AA357C2}.Retail|x86.Build.0 = Retail|Win32
		{16CE59E5-ABD8-41B2-B76A-3D125F3621F7}.Debug|Any CPU.ActiveCfg = Debug|Win32
		{16CE59E5-ABD8-41B2-B76A-3D125F3621F7}.Debug|Any CPU.Build.0 = Debug|Win32
		{16CE59E5-ABD8-41B2-B76A-3D125F3621F7}.Debug|x64.ActiveCfg = Debug|x64
		{16CE59E5-ABD8-41B2-B76A-3D125F3621F7}.Debug|x64.Build.0 = Debug|x64
		{16CE59E5-ABD8-41B2-B76A-3D125F3621F7}.Debug|x86.ActiveCfg = Debug|Win32
		{16CE59E5-ABD8-41B2-B76A-3D125F3621F7}.Debug|x86.Build.0 = Debug|Win32
		{16CE59E5-ABD8-41B2-B76A-3D125F3621F7}.Release|Any CPU.ActiveCfg = Release|Win32
		{16CE59E5-ABD8-41B2-B76A-3D125F3621F7}.Release|x64.ActiveCfg = Release|x64
		{16CE59E5-ABD8-41B2-B76A-3D125F3621F7}.Release|x64.Build.0 = Release|x64
		{16CE59E5-ABD8-41B2-B76A-3D125F3621F7}.Release|x86.ActiveCfg = Release|Win32
		{16CE59E5-ABD8-41B2-B76A-3D125F3621F7}.Release|x86.Build.0 = Release|Win32
		{16CE59E5-ABD8-41B2-B76A-3D125F3621F7}.Retail|Any CPU.ActiveCfg = Retail|Win32
		{16CE59E5-ABD8-41B2-B76A-3D125F3621F7}.Retail|x64.ActiveCfg = Retail|x64
		{16CE59E5-ABD8-41B2-B76A-3D125F3621F7}.Retail|x64.Build.0 = Retail|x64
		{16CE59E5-ABD8-41B2-B76A-3D125F3621F7}.Retail|x86.ActiveCfg = Retail|Win32
		{16CE59E5-ABD8-41B2-B76A-3D125F3621F7}.Retail|x86.Build.0 = Retail|Win32
		{40F23FE0-416D-4932-859C-C10351059A7C}.Debug|Any CPU.ActiveCfg = Debug|Win32
		{40F23FE0-416D-4932-859C-C10351059A7C}.Debug|x64.ActiveCfg = Debug|x64
		{40F23FE0-416D-4932-859C-C10351059A7C}.Debug|x64.Build.0 = Debug|x64
		{40F23FE0-416D-4932-859C-C10351059A7C}.Debug|x86.ActiveCfg = Debug|Win32
		{40F23FE0-416D-4932-859C-C10351059A7C}.Debug|x86.Build.0 = Debug|Win32
		{40F23FE0-416D-4932-859C-C10351059A7C}.Release|Any CPU.ActiveCfg = Release|Win32
		{40F23FE0-416D-4932-859C-C10351059A7C}.Release|x64.ActiveCfg = Release|x64
		{40F23FE0-416D-4932-859C-C10351059A7C}.Release|x64.Build.0 = Release|x64
		{40F23FE0-416D-4932-859C-C10351059A7C}.Release|x86.ActiveCfg = Release|Win32
		{40F23FE0-416D-4932-859C-C10351059A7C}.Release|x86.Build.0 = Release|Win32
		{40F23FE0-416D-4932-859C-C10351059A7C}.Retail|Any CPU.ActiveCfg = Retail|Win32
		{40F23FE0-416D-4932-859C-C10351059A7C}.Retail|x64.ActiveCfg = Retail|x64
		{40F23FE0-416D-4932-859C-C10351059A7C}.Retail|x64.Build.0 = Retail|x64
		{40F23FE0-416D-4932-859C-C10351059A7C}.Retail|x86.ActiveCfg = Retail|Win32
		{40F23FE0-416D-4932-859C-C10351059A7C}.Retail|x86.Build.0 = Retail|Win32
		{9FD4D7ED-57FE-4576-B393-EB0E334C23BE}.Debug|Any CPU.ActiveCfg = Debug|x64
		{9FD4D7ED-57FE-4576-B393-EB0E334C23BE}.Debug|Any CPU.Build.0 = Debug|x64
		{9FD4D7ED-57FE-4576-B393-EB0E334C23BE}.Debug|x64.ActiveCfg = Debug|x64
		{9FD4D7ED-57FE-4576-B393-EB0E334C23BE}.Debug|x64.Build.0 = Debug|x64
		{9FD4D7ED-57FE-4576-B393-EB0E334C23BE}.Debug|x86.ActiveCfg = Debug|Win32
		{9FD4D7ED-57FE-4576-B393-EB0E334C23BE}.Debug|x86.Build.0 = Debug|Win32
		{9FD4D7ED-57FE-4576-B393-EB0E334C23BE}.Release|Any CPU.ActiveCfg = Release|x64
		{9FD4D7ED-57FE-4576-B393-EB0E334C23BE}.Release|Any CPU.Build.0 = Release|x64
		{9FD4D7ED-57FE-4576-B393-EB0E334C23BE}.Release|x64.ActiveCfg = Release|x64
		{9FD4D7ED-57FE-4576-B393-EB0E334C23BE}.Release|x64.Build.0 = Release|x64
		{9FD4D7ED-57FE-4576-B393-EB0E334C23BE}.Release|x86.ActiveCfg = Release|Win32
		{9FD4D7ED-57FE-4576-B393-EB0E334C23BE}.Release|x86.Build.0 = Release|Win32
		{9FD4D7ED-57FE-4576-B393-EB0E334C23BE}.Retail|Any CPU.ActiveCfg = Release|x64
		{9FD4D7ED-57FE-4576-B393-EB0E334C23BE}.Retail|Any CPU.Build.0 = Release|x64
		{9FD4D7ED-57FE-4576-B393-EB0E334C23BE}.Retail|x64.ActiveCfg = Release|x64
		{9FD4D7ED-57FE-4576-B393-EB0E334C23BE}.Retail|x64.Build.0 = Release|x64
		{9FD4D7ED-57FE-4576-B393-EB0E334C23BE}.Retail|x86.ActiveCfg = Release|Win32
		{9FD4D7ED-57FE-4576-B393-EB0E334C23BE}.Retail|x86.Build.0 = Release|Win32
		{2F534172-42FD-4A0C-9B56-AD48D4CEFDE1}.Debug|Any CPU.ActiveCfg = Debug|Any CPU
		{2F534172-42FD-4A0C-9B56-AD48D4CEFDE1}.Debug|Any CPU.Build.0 = Debug|Any CPU
		{2F534172-42FD-4A0C-9B56-AD48D4CEFDE1}.Debug|x64.ActiveCfg = Debug|Any CPU
		{2F534172-42FD-4A0C-9B56-AD48D4CEFDE1}.Debug|x64.Build.0 = Debug|Any CPU
		{2F534172-42FD-4A0C-9B56-AD48D4CEFDE1}.Debug|x86.ActiveCfg = Debug|Any CPU
		{2F534172-42FD-4A0C-9B56-AD48D4CEFDE1}.Debug|x86.Build.0 = Debug|Any CPU
		{2F534172-42FD-4A0C-9B56-AD48D4CEFDE1}.Release|Any CPU.ActiveCfg = Release|Any CPU
		{2F534172-42FD-4A0C-9B56-AD48D4CEFDE1}.Release|Any CPU.Build.0 = Release|Any CPU
		{2F534172-42FD-4A0C-9B56-AD48D4CEFDE1}.Release|x64.ActiveCfg = Release|Any CPU
		{2F534172-42FD-4A0C-9B56-AD48D4CEFDE1}.Release|x64.Build.0 = Release|Any CPU
		{2F534172-42FD-4A0C-9B56-AD48D4CEFDE1}.Release|x86.ActiveCfg = Release|Any CPU
		{2F534172-42FD-4A0C-9B56-AD48D4CEFDE1}.Release|x86.Build.0 = Release|Any CPU
		{2F534172-42FD-4A0C-9B56-AD48D4CEFDE1}.Retail|Any CPU.ActiveCfg = Release|Any CPU
		{2F534172-42FD-4A0C-9B56-AD48D4CEFDE1}.Retail|Any CPU.Build.0 = Release|Any CPU
		{2F534172-42FD-4A0C-9B56-AD48D4CEFDE1}.Retail|x64.ActiveCfg = Release|Any CPU
		{2F534172-42FD-4A0C-9B56-AD48D4CEFDE1}.Retail|x64.Build.0 = Release|Any CPU
		{2F534172-42FD-4A0C-9B56-AD48D4CEFDE1}.Retail|x86.ActiveCfg = Release|Any CPU
		{2F534172-42FD-4A0C-9B56-AD48D4CEFDE1}.Retail|x86.Build.0 = Release|Any CPU
		{2ADE0B8F-B52A-4657-AC6D-9713121243DF}.Debug|Any CPU.ActiveCfg = Debug|Any CPU
		{2ADE0B8F-B52A-4657-AC6D-9713121243DF}.Debug|Any CPU.Build.0 = Debug|Any CPU
		{2ADE0B8F-B52A-4657-AC6D-9713121243DF}.Debug|x64.ActiveCfg = Debug|Any CPU
		{2ADE0B8F-B52A-4657-AC6D-9713121243DF}.Debug|x64.Build.0 = Debug|Any CPU
		{2ADE0B8F-B52A-4657-AC6D-9713121243DF}.Debug|x86.ActiveCfg = Debug|Any CPU
		{2ADE0B8F-B52A-4657-AC6D-9713121243DF}.Debug|x86.Build.0 = Debug|Any CPU
		{2ADE0B8F-B52A-4657-AC6D-9713121243DF}.Release|Any CPU.ActiveCfg = Release|Any CPU
		{2ADE0B8F-B52A-4657-AC6D-9713121243DF}.Release|Any CPU.Build.0 = Release|Any CPU
		{2ADE0B8F-B52A-4657-AC6D-9713121243DF}.Release|x64.ActiveCfg = Release|Any CPU
		{2ADE0B8F-B52A-4657-AC6D-9713121243DF}.Release|x64.Build.0 = Release|Any CPU
		{2ADE0B8F-B52A-4657-AC6D-9713121243DF}.Release|x86.ActiveCfg = Release|Any CPU
		{2ADE0B8F-B52A-4657-AC6D-9713121243DF}.Release|x86.Build.0 = Release|Any CPU
		{2ADE0B8F-B52A-4657-AC6D-9713121243DF}.Retail|Any CPU.ActiveCfg = Release|Any CPU
		{2ADE0B8F-B52A-4657-AC6D-9713121243DF}.Retail|Any CPU.Build.0 = Release|Any CPU
		{2ADE0B8F-B52A-4657-AC6D-9713121243DF}.Retail|x64.ActiveCfg = Release|Any CPU
		{2ADE0B8F-B52A-4657-AC6D-9713121243DF}.Retail|x64.Build.0 = Release|Any CPU
		{2ADE0B8F-B52A-4657-AC6D-9713121243DF}.Retail|x86.ActiveCfg = Release|Any CPU
		{2ADE0B8F-B52A-4657-AC6D-9713121243DF}.Retail|x86.Build.0 = Release|Any CPU
		{7C223087-AF50-4E42-99D7-172E113C9A44}.Debug|Any CPU.ActiveCfg = Debug|x64
		{7C223087-AF50-4E42-99D7-172E113C9A44}.Debug|Any CPU.Build.0 = Debug|x64
		{7C223087-AF50-4E42-99D7-172E113C9A44}.Debug|x64.ActiveCfg = Debug|x64
		{7C223087-AF50-4E42-99D7-172E113C9A44}.Debug|x64.Build.0 = Debug|x64
		{7C223087-AF50-4E42-99D7-172E113C9A44}.Debug|x86.ActiveCfg = Debug|Win32
		{7C223087-AF50-4E42-99D7-172E113C9A44}.Debug|x86.Build.0 = Debug|Win32
		{7C223087-AF50-4E42-99D7-172E113C9A44}.Release|Any CPU.ActiveCfg = Release|x64
		{7C223087-AF50-4E42-99D7-172E113C9A44}.Release|Any CPU.Build.0 = Release|x64
		{7C223087-AF50-4E42-99D7-172E113C9A44}.Release|x64.ActiveCfg = Release|x64
		{7C223087-AF50-4E42-99D7-172E113C9A44}.Release|x64.Build.0 = Release|x64
		{7C223087-AF50-4E42-99D7-172E113C9A44}.Release|x86.ActiveCfg = Release|Win32
		{7C223087-AF50-4E42-99D7-172E113C9A44}.Release|x86.Build.0 = Release|Win32
		{7C223087-AF50-4E42-99D7-172E113C9A44}.Retail|Any CPU.ActiveCfg = Retail|x64
		{7C223087-AF50-4E42-99D7-172E113C9A44}.Retail|Any CPU.Build.0 = Retail|x64
		{7C223087-AF50-4E42-99D7-172E113C9A44}.Retail|x64.ActiveCfg = Retail|x64
		{7C223087-AF50-4E42-99D7-172E113C9A44}.Retail|x64.Build.0 = Retail|x64
		{7C223087-AF50-4E42-99D7-172E113C9A44}.Retail|x86.ActiveCfg = Retail|Win32
		{7C223087-AF50-4E42-99D7-172E113C9A44}.Retail|x86.Build.0 = Retail|Win32
		{7A6899B5-558E-4FD3-ACAE-7A5F96F7D1BF}.Debug|Any CPU.ActiveCfg = Debug|x64
		{7A6899B5-558E-4FD3-ACAE-7A5F96F7D1BF}.Debug|Any CPU.Build.0 = Debug|x64
		{7A6899B5-558E-4FD3-ACAE-7A5F96F7D1BF}.Debug|x64.ActiveCfg = Debug|x64
		{7A6899B5-558E-4FD3-ACAE-7A5F96F7D1BF}.Debug|x64.Build.0 = Debug|x64
		{7A6899B5-558E-4FD3-ACAE-7A5F96F7D1BF}.Debug|x86.ActiveCfg = Debug|Win32
		{7A6899B5-558E-4FD3-ACAE-7A5F96F7D1BF}.Debug|x86.Build.0 = Debug|Win32
		{7A6899B5-558E-4FD3-ACAE-7A5F96F7D1BF}.Release|Any CPU.ActiveCfg = Release|x64
		{7A6899B5-558E-4FD3-ACAE-7A5F96F7D1BF}.Release|Any CPU.Build.0 = Release|x64
		{7A6899B5-558E-4FD3-ACAE-7A5F96F7D1BF}.Release|x64.ActiveCfg = Release|x64
		{7A6899B5-558E-4FD3-ACAE-7A5F96F7D1BF}.Release|x64.Build.0 = Release|x64
		{7A6899B5-558E-4FD3-ACAE-7A5F96F7D1BF}.Release|x86.ActiveCfg = Release|Win32
		{7A6899B5-558E-4FD3-ACAE-7A5F96F7D1BF}.Release|x86.Build.0 = Release|Win32
		{7A6899B5-558E-4FD3-ACAE-7A5F96F7D1BF}.Retail|Any CPU.ActiveCfg = Retail|x64
		{7A6899B5-558E-4FD3-ACAE-7A5F96F7D1BF}.Retail|Any CPU.Build.0 = Retail|x64
		{7A6899B5-558E-4FD3-ACAE-7A5F96F7D1BF}.Retail|x64.ActiveCfg = Retail|x64
		{7A6899B5-558E-4FD3-ACAE-7A5F96F7D1BF}.Retail|x64.Build.0 = Retail|x64
		{7A6899B5-558E-4FD3-ACAE-7A5F96F7D1BF}.Retail|x86.ActiveCfg = Retail|Win32
		{7A6899B5-558E-4FD3-ACAE-7A5F96F7D1BF}.Retail|x86.Build.0 = Retail|Win32
		{75C2CF2B-4A29-4F8B-B62B-2105866E8CE9}.Debug|Any CPU.ActiveCfg = Debug|x64
		{75C2CF2B-4A29-4F8B-B62B-2105866E8CE9}.Debug|Any CPU.Build.0 = Debug|x64
		{75C2CF2B-4A29-4F8B-B62B-2105866E8CE9}.Debug|x64.ActiveCfg = Debug|x64
		{75C2CF2B-4A29-4F8B-B62B-2105866E8CE9}.Debug|x64.Build.0 = Debug|x64
		{75C2CF2B-4A29-4F8B-B62B-2105866E8CE9}.Debug|x86.ActiveCfg = Debug|Win32
		{75C2CF2B-4A29-4F8B-B62B-2105866E8CE9}.Debug|x86.Build.0 = Debug|Win32
		{75C2CF2B-4A29-4F8B-B62B-2105866E8CE9}.Release|Any CPU.ActiveCfg = Release|x64
		{75C2CF2B-4A29-4F8B-B62B-2105866E8CE9}.Release|Any CPU.Build.0 = Release|x64
		{75C2CF2B-4A29-4F8B-B62B-2105866E8CE9}.Release|x64.ActiveCfg = Release|x64
		{75C2CF2B-4A29-4F8B-B62B-2105866E8CE9}.Release|x64.Build.0 = Release|x64
		{75C2CF2B-4A29-4F8B-B62B-2105866E8CE9}.Release|x86.ActiveCfg = Release|Win32
		{75C2CF2B-4A29-4F8B-B62B-2105866E8CE9}.Release|x86.Build.0 = Release|Win32
		{75C2CF2B-4A29-4F8B-B62B-2105866E8CE9}.Retail|Any CPU.ActiveCfg = Retail|x64
		{75C2CF2B-4A29-4F8B-B62B-2105866E8CE9}.Retail|Any CPU.Build.0 = Retail|x64
		{75C2CF2B-4A29-4F8B-B62B-2105866E8CE9}.Retail|x64.ActiveCfg = Retail|x64
		{75C2CF2B-4A29-4F8B-B62B-2105866E8CE9}.Retail|x64.Build.0 = Retail|x64
		{75C2CF2B-4A29-4F8B-B62B-2105866E8CE9}.Retail|x86.ActiveCfg = Retail|Win32
		{75C2CF2B-4A29-4F8B-B62B-2105866E8CE9}.Retail|x86.Build.0 = Retail|Win32
		{F8954F93-B5C5-47F2-BFA5-E836C3542504}.Debug|Any CPU.ActiveCfg = Debug|x64
		{F8954F93-B5C5-47F2-BFA5-E836C3542504}.Debug|Any CPU.Build.0 = Debug|x64
		{F8954F93-B5C5-47F2-BFA5-E836C3542504}.Debug|x64.ActiveCfg = Debug|x64
		{F8954F93-B5C5-47F2-BFA5-E836C3542504}.Debug|x64.Build.0 = Debug|x64
		{F8954F93-B5C5-47F2-BFA5-E836C3542504}.Debug|x86.ActiveCfg = Debug|Win32
		{F8954F93-B5C5-47F2-BFA5-E836C3542504}.Debug|x86.Build.0 = Debug|Win32
		{F8954F93-B5C5-47F2-BFA5-E836C3542504}.Release|Any CPU.ActiveCfg = Release|x64
		{F8954F93-B5C5-47F2-BFA5-E836C3542504}.Release|Any CPU.Build.0 = Release|x64
		{F8954F93-B5C5-47F2-BFA5-E836C3542504}.Release|x64.ActiveCfg = Release|x64
		{F8954F93-B5C5-47F2-BFA5-E836C3542504}.Release|x64.Build.0 = Release|x64
		{F8954F93-B5C5-47F2-BFA5-E836C3542504}.Release|x86.ActiveCfg = Release|Win32
		{F8954F93-B5C5-47F2-BFA5-E836C3542504}.Release|x86.Build.0 = Release|Win32
		{F8954F93-B5C5-47F2-BFA5-E836C3542504}.Retail|Any CPU.ActiveCfg = Retail|x64
		{F8954F93-B5C5-47F2-BFA5-E836C3542504}.Retail|Any CPU.Build.0 = Retail|x64
		{F8954F93-B5C5-47F2-BFA5-E836C3542504}.Retail|x64.ActiveCfg = Retail|x64
		{F8954F93-B5C5-47F2-BFA5-E836C3542504}.Retail|x64.Build.0 = Retail|x64
		{F8954F93-B5C5-47F2-BFA5-E836C3542504}.Retail|x86.ActiveCfg = Retail|Win32
		{F8954F93-B5C5-47F2-BFA5-E836C3542504}.Retail|x86.Build.0 = Retail|Win32
		{6C22FC99-D211-454F-9380-0CE5FBFA68DA}.Debug|Any CPU.ActiveCfg = Debug|x64
		{6C22FC99-D211-454F-9380-0CE5FBFA68DA}.Debug|Any CPU.Build.0 = Debug|x64
		{6C22FC99-D211-454F-9380-0CE5FBFA68DA}.Debug|x64.ActiveCfg = Debug|x64
		{6C22FC99-D211-454F-9380-0CE5FBFA68DA}.Debug|x64.Build.0 = Debug|x64
		{6C22FC99-D211-454F-9380-0CE5FBFA68DA}.Debug|x86.ActiveCfg = Debug|Win32
		{6C22FC99-D211-454F-9380-0CE5FBFA68DA}.Debug|x86.Build.0 = Debug|Win32
		{6C22FC99-D211-454F-9380-0CE5FBFA68DA}.Release|Any CPU.ActiveCfg = Release|x64
		{6C22FC99-D211-454F-9380-0CE5FBFA68DA}.Release|Any CPU.Build.0 = Release|x64
		{6C22FC99-D211-454F-9380-0CE5FBFA68DA}.Release|x64.ActiveCfg = Release|x64
		{6C22FC99-D211-454F-9380-0CE5FBFA68DA}.Release|x64.Build.0 = Release|x64
		{6C22FC99-D211-454F-9380-0CE5FBFA68DA}.Release|x86.ActiveCfg = Release|Win32
		{6C22FC99-D211-454F-9380-0CE5FBFA68DA}.Release|x86.Build.0 = Release|Win32
		{6C22FC99-D211-454F-9380-0CE5FBFA68DA}.Retail|Any CPU.ActiveCfg = Retail|x64
		{6C22FC99-D211-454F-9380-0CE5FBFA68DA}.Retail|Any CPU.Build.0 = Retail|x64
		{6C22FC99-D211-454F-9380-0CE5FBFA68DA}.Retail|x64.ActiveCfg = Retail|x64
		{6C22FC99-D211-454F-9380-0CE5FBFA68DA}.Retail|x64.Build.0 = Retail|x64
		{6C22FC99-D211-454F-9380-0CE5FBFA68DA}.Retail|x86.ActiveCfg = Retail|Win32
		{6C22FC99-D211-454F-9380-0CE5FBFA68DA}.Retail|x86.Build.0 = Retail|Win32
		{D6BFAC03-0C78-4AF1-8EF3-5E4B005F53AE}.Debug|Any CPU.ActiveCfg = Debug|x64
		{D6BFAC03-0C78-4AF1-8EF3-5E4B005F53AE}.Debug|Any CPU.Build.0 = Debug|x64
		{D6BFAC03-0C78-4AF1-8EF3-5E4B005F53AE}.Debug|x64.ActiveCfg = Debug|x64
		{D6BFAC03-0C78-4AF1-8EF3-5E4B005F53AE}.Debug|x64.Build.0 = Debug|x64
		{D6BFAC03-0C78-4AF1-8EF3-5E4B005F53AE}.Debug|x86.ActiveCfg = Debug|Win32
		{D6BFAC03-0C78-4AF1-8EF3-5E4B005F53AE}.Debug|x86.Build.0 = Debug|Win32
		{D6BFAC03-0C78-4AF1-8EF3-5E4B005F53AE}.Release|Any CPU.ActiveCfg = Release|x64
		{D6BFAC03-0C78-4AF1-8EF3-5E4B005F53AE}.Release|Any CPU.Build.0 = Release|x64
		{D6BFAC03-0C78-4AF1-8EF3-5E4B005F53AE}.Release|x64.ActiveCfg = Release|x64
		{D6BFAC03-0C78-4AF1-8EF3-5E4B005F53AE}.Release|x64.Build.0 = Release|x64
		{D6BFAC03-0C78-4AF1-8EF3-5E4B005F53AE}.Release|x86.ActiveCfg = Release|Win32
		{D6BFAC03-0C78-4AF1-8EF3-5E4B005F53AE}.Release|x86.Build.0 = Release|Win32
		{D6BFAC03-0C78-4AF1-8EF3-5E4B005F53AE}.Retail|Any CPU.ActiveCfg = Retail|x64
		{D6BFAC03-0C78-4AF1-8EF3-5E4B005F53AE}.Retail|Any CPU.Build.0 = Retail|x64
		{D6BFAC03-0C78-4AF1-8EF3-5E4B005F53AE}.Retail|x64.ActiveCfg = Retail|x64
		{D6BFAC03-0C78-4AF1-8EF3-5E4B005F53AE}.Retail|x64.Build.0 = Retail|x64
		{D6BFAC03-0C78-4AF1-8EF3-5E4B005F53AE}.Retail|x86.ActiveCfg = Retail|Win32
		{D6BFAC03-0C78-4AF1-8EF3-5E4B005F53AE}.Retail|x86.Build.0 = Retail|Win32
		{516BB5EE-1825-4F44-88BE-9971763CCAC5}.Debug|Any CPU.ActiveCfg = Debug|x64
		{516BB5EE-1825-4F44-88BE-9971763CCAC5}.Debug|Any CPU.Build.0 = Debug|x64
		{516BB5EE-1825-4F44-88BE-9971763CCAC5}.Debug|x64.ActiveCfg = Debug|x64
		{516BB5EE-1825-4F44-88BE-9971763CCAC5}.Debug|x64.Build.0 = Debug|x64
		{516BB5EE-1825-4F44-88BE-9971763CCAC5}.Debug|x86.ActiveCfg = Debug|Win32
		{516BB5EE-1825-4F44-88BE-9971763CCAC5}.Debug|x86.Build.0 = Debug|Win32
		{516BB5EE-1825-4F44-88BE-9971763CCAC5}.Release|Any CPU.ActiveCfg = Release|x64
		{516BB5EE-1825-4F44-88BE-9971763CCAC5}.Release|Any CPU.Build.0 = Release|x64
		{516BB5EE-1825-4F44-88BE-9971763CCAC5}.Release|x64.ActiveCfg = Release|x64
		{516BB5EE-1825-4F44-88BE-9971763CCAC5}.Release|x64.Build.0 = Release|x64
		{516BB5EE-1825-4F44-88BE-9971763CCAC5}.Release|x86.ActiveCfg = Release|Win32
		{516BB5EE-1825-4F44-88BE-9971763CCAC5}.Release|x86.Build.0 = Release|Win32
		{516BB5EE-1825-4F44-88BE-9971763CCAC5}.Retail|Any CPU.ActiveCfg = Retail|x64
		{516BB5EE-1825-4F44-88BE-9971763CCAC5}.Retail|Any CPU.Build.0 = Retail|x64
		{516BB5EE-1825-4F44-88BE-9971763CCAC5}.Retail|x64.ActiveCfg = Retail|x64
		{516BB5EE-1825-4F44-88BE-9971763CCAC5}.Retail|x64.Build.0 = Retail|x64
		{516BB5EE-1825-4F44-88BE-9971763CCAC5}.Retail|x86.ActiveCfg = Retail|Win32
		{516BB5EE-1825-4F44-88BE-9971763CCAC5}.Retail|x86.Build.0 = Retail|Win32
		{A7F9572E-05B3-4141-8E9B-2D375DD29C93}.Debug|Any CPU.ActiveCfg = Debug|x64
		{A7F9572E-05B3-4141-8E9B-2D375DD29C93}.Debug|Any CPU.Build.0 = Debug|x64
		{A7F9572E-05B3-4141-8E9B-2D375DD29C93}.Debug|x64.ActiveCfg = Debug|x64
		{A7F9572E-05B3-4141-8E9B-2D375DD29C93}.Debug|x64.Build.0 = Debug|x64
		{A7F9572E-05B3-4141-8E9B-2D375DD29C93}.Debug|x86.ActiveCfg = Debug|Win32
		{A7F9572E-05B3-4141-8E9B-2D375DD29C93}.Debug|x86.Build.0 = Debug|Win32
		{A7F9572E-05B3-4141-8E9B-2D375DD29C93}.Release|Any CPU.ActiveCfg = Release|x64
		{A7F9572E-05B3-4141-8E9B-2D375DD29C93}.Release|Any CPU.Build.0 = Release|x64
		{A7F9572E-05B3-4141-8E9B-2D375DD29C93}.Release|x64.ActiveCfg = Release|x64
		{A7F9572E-05B3-4141-8E9B-2D375DD29C93}.Release|x64.Build.0 = Release|x64
		{A7F9572E-05B3-4141-8E9B-2D375DD29C93}.Release|x86.ActiveCfg = Release|Win32
		{A7F9572E-05B3-4141-8E9B-2D375DD29C93}.Release|x86.Build.0 = Release|Win32
		{A7F9572E-05B3-4141-8E9B-2D375DD29C93}.Retail|Any CPU.ActiveCfg = Retail|x64
		{A7F9572E-05B3-4141-8E9B-2D375DD29C93}.Retail|Any CPU.Build.0 = Retail|x64
		{A7F9572E-05B3-4141-8E9B-2D375DD29C93}.Retail|x64.ActiveCfg = Retail|x64
		{A7F9572E-05B3-4141-8E9B-2D375DD29C93}.Retail|x64.Build.0 = Retail|x64
		{A7F9572E-05B3-4141-8E9B-2D375DD29C93}.Retail|x86.ActiveCfg = Retail|Win32
		{A7F9572E-05B3-4141-8E9B-2D375DD29C93}.Retail|x86.Build.0 = Retail|Win32
		{E7EE1568-0879-4B92-96F8-A05187328194}.Debug|Any CPU.ActiveCfg = Debug|x64
		{E7EE1568-0879-4B92-96F8-A05187328194}.Debug|Any CPU.Build.0 = Debug|x64
		{E7EE1568-0879-4B92-96F8-A05187328194}.Debug|x64.ActiveCfg = Debug|x64
		{E7EE1568-0879-4B92-96F8-A05187328194}.Debug|x64.Build.0 = Debug|x64
		{E7EE1568-0879-4B92-96F8-A05187328194}.Debug|x86.ActiveCfg = Debug|Win32
		{E7EE1568-0879-4B92-96F8-A05187328194}.Debug|x86.Build.0 = Debug|Win32
		{E7EE1568-0879-4B92-96F8-A05187328194}.Release|Any CPU.ActiveCfg = Release|x64
		{E7EE1568-0879-4B92-96F8-A05187328194}.Release|Any CPU.Build.0 = Release|x64
		{E7EE1568-0879-4B92-96F8-A05187328194}.Release|x64.ActiveCfg = Release|x64
		{E7EE1568-0879-4B92-96F8-A05187328194}.Release|x64.Build.0 = Release|x64
		{E7EE1568-0879-4B92-96F8-A05187328194}.Release|x86.ActiveCfg = Release|Win32
		{E7EE1568-0879-4B92-96F8-A05187328194}.Release|x86.Build.0 = Release|Win32
		{E7EE1568-0879-4B92-96F8-A05187328194}.Retail|Any CPU.ActiveCfg = Retail|x64
		{E7EE1568-0879-4B92-96F8-A05187328194}.Retail|Any CPU.Build.0 = Retail|x64
		{E7EE1568-0879-4B92-96F8-A05187328194}.Retail|x64.ActiveCfg = Retail|x64
		{E7EE1568-0879-4B92-96F8-A05187328194}.Retail|x64.Build.0 = Retail|x64
		{E7EE1568-0879-4B92-96F8-A05187328194}.Retail|x86.ActiveCfg = Retail|Win32
		{E7EE1568-0879-4B92-96F8-A05187328194}.Retail|x86.Build.0 = Retail|Win32
		{DEED3BFE-7AC0-4460-8669-4984B6166B8A}.Debug|Any CPU.ActiveCfg = Debug|x64
		{DEED3BFE-7AC0-4460-8669-4984B6166B8A}.Debug|Any CPU.Build.0 = Debug|x64
		{DEED3BFE-7AC0-4460-8669-4984B6166B8A}.Debug|x64.ActiveCfg = Debug|x64
		{DEED3BFE-7AC0-4460-8669-4984B6166B8A}.Debug|x64.Build.0 = Debug|x64
		{DEED3BFE-7AC0-4460-8669-4984B6166B8A}.Debug|x86.ActiveCfg = Debug|Win32
		{DEED3BFE-7AC0-4460-8669-4984B6166B8A}.Debug|x86.Build.0 = Debug|Win32
		{DEED3BFE-7AC0-4460-8669-4984B6166B8A}.Release|Any CPU.ActiveCfg = Release|x64
		{DEED3BFE-7AC0-4460-8669-4984B6166B8A}.Release|Any CPU.Build.0 = Release|x64
		{DEED3BFE-7AC0-4460-8669-4984B6166B8A}.Release|x64.ActiveCfg = Release|x64
		{DEED3BFE-7AC0-4460-8669-4984B6166B8A}.Release|x64.Build.0 = Release|x64
		{DEED3BFE-7AC0-4460-8669-4984B6166B8A}.Release|x86.ActiveCfg = Release|Win32
		{DEED3BFE-7AC0-4460-8669-4984B6166B8A}.Release|x86.Build.0 = Release|Win32
		{DEED3BFE-7AC0-4460-8669-4984B6166B8A}.Retail|Any CPU.ActiveCfg = Retail|x64
		{DEED3BFE-7AC0-4460-8669-4984B6166B8A}.Retail|Any CPU.Build.0 = Retail|x64
		{DEED3BFE-7AC0-4460-8669-4984B6166B8A}.Retail|x64.ActiveCfg = Retail|x64
		{DEED3BFE-7AC0-4460-8669-4984B6166B8A}.Retail|x64.Build.0 = Retail|x64
		{DEED3BFE-7AC0-4460-8669-4984B6166B8A}.Retail|x86.ActiveCfg = Retail|Win32
		{DEED3BFE-7AC0-4460-8669-4984B6166B8A}.Retail|x86.Build.0 = Retail|Win32
	EndGlobalSection
	GlobalSection(SolutionProperties) = preSolution
		HideSolutionNode = FALSE
	EndGlobalSection
	GlobalSection(NestedProjects) = preSolution
		{1C147141-A28A-4876-96D4-49821AA357C2} = {9D0295CB-D519-4F88-8865-8543F9755F87}
		{16CE59E5-ABD8-41B2-B76A-3D125F3621F7} = {9D0295CB-D519-4F88-8865-8543F9755F87}
		{40F23FE0-416D-4932-859C-C10351059A7C} = {9D0295CB-D519-4F88-8865-8543F9755F87}
		{9FD4D7ED-57FE-4576-B393-EB0E334C23BE} = {9D0295CB-D519-4F88-8865-8543F9755F87}
		{2F534172-42FD-4A0C-9B56-AD48D4CEFDE1} = {9D0295CB-D519-4F88-8865-8543F9755F87}
		{2ADE0B8F-B52A-4657-AC6D-9713121243DF} = {9D0295CB-D519-4F88-8865-8543F9755F87}
		{7C223087-AF50-4E42-99D7-172E113C9A44} = {8DDA6C2C-C5B6-4E0E-8B9B-591F2C01F436}
		{7A6899B5-558E-4FD3-ACAE-7A5F96F7D1BF} = {8DDA6C2C-C5B6-4E0E-8B9B-591F2C01F436}
		{75C2CF2B-4A29-4F8B-B62B-2105866E8CE9} = {8DDA6C2C-C5B6-4E0E-8B9B-591F2C01F436}
		{F8954F93-B5C5-47F2-BFA5-E836C3542504} = {8DDA6C2C-C5B6-4E0E-8B9B-591F2C01F436}
		{6C22FC99-D211-454F-9380-0CE5FBFA68DA} = {8DDA6C2C-C5B6-4E0E-8B9B-591F2C01F436}
		{D6BFAC03-0C78-4AF1-8EF3-5E4B005F53AE} = {51ED0B71-36BB-4AE9-90AD-9C87EFA18808}
		{516BB5EE-1825-4F44-88BE-9971763CCAC5} = {51ED0B71-36BB-4AE9-90AD-9C87EFA18808}
		{A7F9572E-05B3-4141-8E9B-2D375DD29C93} = {A47F894E-F828-48E5-AC27-98E51E089942}
		{E7EE1568-0879-4B92-96F8-A05187328194} = {51ED0B71-36BB-4AE9-90AD-9C87EFA18808}
		{DEED3BFE-7AC0-4460-8669-4984B6166B8A} = {51ED0B71-36BB-4AE9-90AD-9C87EFA18808}
	EndGlobalSection
	GlobalSection(ExtensibilityGlobals) = postSolution
		SolutionGuid = {6C9FF9E7-2386-4E3E-BC0E-F3FAF4310B43}
	EndGlobalSection
EndGlobal
