<?xml version="1.0" encoding="utf-8"?>
<Project ToolsVersion="4.0" xmlns="http://schemas.microsoft.com/developer/msbuild/2003">
  <ItemGroup>
    <Filter Include="Source Files">
      <UniqueIdentifier>{4FC737F1-C7A5-4376-A066-2A32D752A2FF}</UniqueIdentifier>
      <Extensions>cpp;c;cc;cxx;def;odl;idl;hpj;bat;asm;asmx</Extensions>
    </Filter>
    <Filter Include="Header Files">
      <UniqueIdentifier>{93995380-89BD-4b04-88EB-625FBE52EBFB}</UniqueIdentifier>
      <Extensions>h;hh;hpp;hxx;hm;inl;inc;xsd</Extensions>
    </Filter>
    <Filter Include="Resource Files">
      <UniqueIdentifier>{67DA6AB6-F800-4c08-8B7A-83BB121AAD01}</UniqueIdentifier>
      <Extensions>rc;ico;cur;bmp;dlg;rc2;rct;bin;rgs;gif;jpg;jpeg;jpe;resx;tiff;tif;png;wav;mfcribbon-ms</Extensions>
    </Filter>
  </ItemGroup>
  <ItemGroup>
    <ClInclude Include="FZN\Managers\WindowManager.h">
      <Filter>Header Files</Filter>
    </ClInclude>
    <ClInclude Include="FZN\Managers\AIManager.h">
      <Filter>Header Files</Filter>
    </ClInclude>
    <ClInclude Include="FZN\Managers\AnimManager.h">
      <Filter>Header Files</Filter>
    </ClInclude>
    <ClInclude Include="FZN\Managers\AudioManager.h">
      <Filter>Header Files</Filter>
    </ClInclude>
    <ClInclude Include="FZN\Managers\DataManager.h">
      <Filter>Header Files</Filter>
    </ClInclude>
    <ClInclude Include="FZN\Managers\FazonCore.h">
      <Filter>Header Files</Filter>
    </ClInclude>
    <ClInclude Include="FZN\Managers\InputManager.h">
      <Filter>Header Files</Filter>
    </ClInclude>
    <ClInclude Include="FZN\Managers\MessageManager.h">
      <Filter>Header Files</Filter>
    </ClInclude>
    <ClInclude Include="FZN\Managers\SteeringManager.h">
      <Filter>Header Files</Filter>
    </ClInclude>
    <ClInclude Include="FZN\Audio\AudioObject.h">
      <Filter>Header Files</Filter>
    </ClInclude>
    <ClInclude Include="FZN\Audio\Channel.h">
      <Filter>Header Files</Filter>
    </ClInclude>
    <ClInclude Include="FZN\Audio\Music.h">
      <Filter>Header Files</Filter>
    </ClInclude>
    <ClInclude Include="FZN\Audio\Sound.h">
      <Filter>Header Files</Filter>
    </ClInclude>
    <ClInclude Include="FZN\Multitasking\Semaphore.h">
      <Filter>Header Files</Filter>
    </ClInclude>
    <ClInclude Include="FZN\Multitasking\CriticalSection.h">
      <Filter>Header Files</Filter>
    </ClInclude>
    <ClInclude Include="FZN\Display\Animation.h">
      <Filter>Header Files</Filter>
    </ClInclude>
    <ClInclude Include="FZN\Display\TraceRect.h">
      <Filter>Header Files</Filter>
    </ClInclude>
    <ClInclude Include="FZN\Display\ProgressBar.h">
      <Filter>Header Files</Filter>
    </ClInclude>
    <ClInclude Include="FZN\DataStructure\Map.h">
      <Filter>Header Files</Filter>
    </ClInclude>
    <ClInclude Include="FZN\DataStructure\FixedSizeAllocator.h">
      <Filter>Header Files</Filter>
    </ClInclude>
    <ClInclude Include="FZN\Tools\Random.h">
      <Filter>Header Files</Filter>
    </ClInclude>
    <ClInclude Include="FZN\Tools\Math.h">
      <Filter>Header Files</Filter>
    </ClInclude>
    <ClInclude Include="FZN\Tools\Tools.h">
      <Filter>Header Files</Filter>
    </ClInclude>
    <ClInclude Include="FZN\Tools\Logging.h">
      <Filter>Header Files</Filter>
    </ClInclude>
    <ClInclude Include="FZN\Includes.h">
      <Filter>Header Files</Filter>
    </ClInclude>
    <ClInclude Include="FZN\Game\BehaviorTree\BTBasicElements.h">
      <Filter>Header Files</Filter>
    </ClInclude>
    <ClInclude Include="FZN\Game\BehaviorTree\BTComposites.h">
      <Filter>Header Files</Filter>
    </ClInclude>
    <ClInclude Include="FZN\Game\BehaviorTree\BTDecorators.h">
      <Filter>Header Files</Filter>
    </ClInclude>
    <ClInclude Include="FZN\Game\GameObject\GameObject.h">
      <Filter>Header Files</Filter>
    </ClInclude>
    <ClInclude Include="FZN\Game\GameObjectAI\GameObjectAI.h">
      <Filter>Header Files</Filter>
    </ClInclude>
    <ClInclude Include="FZN\Game\Message\Message.h">
      <Filter>Header Files</Filter>
    </ClInclude>
    <ClInclude Include="FZN\Game\StateMachine\StateMachine.h">
      <Filter>Header Files</Filter>
    </ClInclude>
    <ClInclude Include="FZN\Game\Steering\SteeringBehavior.h">
      <Filter>Header Files</Filter>
    </ClInclude>
    <ClInclude Include="FZN\Game\Steering\SteeringBehaviors.h">
      <Filter>Header Files</Filter>
    </ClInclude>
    <ClInclude Include="FZN\Game\Steering\SteeringEntity.h">
      <Filter>Header Files</Filter>
    </ClInclude>
    <ClInclude Include="FZN\Game\Steering\SteeringFormations.h">
      <Filter>Header Files</Filter>
    </ClInclude>
    <ClInclude Include="FZN\Game\Steering\SteeringObject.h">
      <Filter>Header Files</Filter>
    </ClInclude>
    <ClInclude Include="FZN\Game\PathFinding\STLAstar.h">
      <Filter>Header Files</Filter>
    </ClInclude>
    <ClInclude Include="FZN\DataStructure\Vector.h">
      <Filter>Header Files</Filter>
    </ClInclude>
    <ClInclude Include="FZN\Defines.h">
      <Filter>Header Files</Filter>
    </ClInclude>
    <ClInclude Include="FZN\DataStructure\Map.inl">
      <Filter>Header Files</Filter>
    </ClInclude>
    <ClInclude Include="FZN\Display\Anm2.h">
      <Filter>Header Files</Filter>
    </ClInclude>
    <ClInclude Include="FZN\Tools\HermiteCubicSpline.h">
      <Filter>Header Files</Filter>
    </ClInclude>
    <ClInclude Include="Externals\ImGui\imconfig.h">
      <Filter>Header Files</Filter>
    </ClInclude>
    <ClInclude Include="Externals\ImGui\imgui.h">
      <Filter>Header Files</Filter>
    </ClInclude>
    <ClInclude Include="Externals\ImGui\imgui_internal.h">
      <Filter>Header Files</Filter>
    </ClInclude>
    <ClInclude Include="Externals\ImGui\imstb_rectpack.h">
      <Filter>Header Files</Filter>
    </ClInclude>
    <ClInclude Include="Externals\ImGui\imstb_textedit.h">
      <Filter>Header Files</Filter>
    </ClInclude>
    <ClInclude Include="Externals\ImGui\imstb_truetype.h">
      <Filter>Header Files</Filter>
    </ClInclude>
    <ClInclude Include="Externals\ImGui\imgui-SFML.h">
      <Filter>Header Files</Filter>
    </ClInclude>
    <ClInclude Include="Externals\ImGui\imgui-SFML_export.h">
      <Filter>Header Files</Filter>
    </ClInclude>
    <ClInclude Include="FZN\Tools\Callbacks.h">
      <Filter>Header Files</Filter>
    </ClInclude>
    <ClInclude Include="FZN\Display\BitmapFont.h">
      <Filter>Header Files</Filter>
    </ClInclude>
    <ClInclude Include="FZN\Display\BitmapText.h">
      <Filter>Header Files</Filter>
    </ClInclude>
    <ClInclude Include="FZN\Tools\Event.h">
      <Filter>Header Files</Filter>
    </ClInclude>
    <ClInclude Include="FZN\Tools\Shaders.h">
      <Filter>Header Files</Filter>
    </ClInclude>
    <ClInclude Include="FZN\Display\AnimatedProgressBar.h">
      <Filter>Header Files</Filter>
    </ClInclude>
    <ClInclude Include="FZN\Game\StateMachine\FZNStateMachine.h">
      <Filter>Header Files</Filter>
    </ClInclude>
    <ClInclude Include="FZN\Tools\DataCallback.h">
      <Filter>Header Files</Filter>
    </ClInclude>
    <ClInclude Include="FZN\UI\ImGuiAdditions.h">
      <Filter>Header Files</Filter>
    </ClInclude>
    <ClInclude Include="Externals\ImGui\imgui_stdlib.h">
      <Filter>Header Files</Filter>
    </ClInclude>
    <ClInclude Include="FZN\UI\ImGui.h">
      <Filter>Header Files</Filter>
    </ClInclude>
    <ClInclude Include="Externals\json\allocator.h">
      <Filter>Header Files</Filter>
    </ClInclude>
    <ClInclude Include="Externals\json\assertions.h">
      <Filter>Header Files</Filter>
    </ClInclude>
    <ClInclude Include="Externals\json\config.h">
      <Filter>Header Files</Filter>
    </ClInclude>
    <ClInclude Include="Externals\json\forwards.h">
      <Filter>Header Files</Filter>
    </ClInclude>
    <ClInclude Include="Externals\json\json.h">
      <Filter>Header Files</Filter>
    </ClInclude>
    <ClInclude Include="Externals\json\json_features.h">
      <Filter>Header Files</Filter>
    </ClInclude>
    <ClInclude Include="Externals\json\json_tool.h">
      <Filter>Header Files</Filter>
    </ClInclude>
    <ClInclude Include="Externals\json\reader.h">
      <Filter>Header Files</Filter>
    </ClInclude>
    <ClInclude Include="Externals\json\value.h">
      <Filter>Header Files</Filter>
    </ClInclude>
    <ClInclude Include="Externals\json\version.h">
      <Filter>Header Files</Filter>
    </ClInclude>
    <ClInclude Include="Externals\json\writer.h">
      <Filter>Header Files</Filter>
    </ClInclude>
    <ClInclude Include="FZN\Display\Line.h">
      <Filter>Header Files</Filter>
    </ClInclude>
    <ClInclude Include="FZN\DataStructure\Variant.h">
      <Filter>Header Files</Filter>
    </ClInclude>
  </ItemGroup>
  <ItemGroup>
    <ClCompile Include="FZN\Managers\AIManager.cpp">
      <Filter>Source Files</Filter>
    </ClCompile>
    <ClCompile Include="FZN\Managers\AnimManager.cpp">
      <Filter>Source Files</Filter>
    </ClCompile>
    <ClCompile Include="FZN\Managers\AudioManager.cpp">
      <Filter>Source Files</Filter>
    </ClCompile>
    <ClCompile Include="FZN\Managers\DataManager.cpp">
      <Filter>Source Files</Filter>
    </ClCompile>
    <ClCompile Include="FZN\Managers\FazonCore.cpp">
      <Filter>Source Files</Filter>
    </ClCompile>
    <ClCompile Include="FZN\Managers\InputManager.cpp">
      <Filter>Source Files</Filter>
    </ClCompile>
    <ClCompile Include="FZN\Managers\MessageManager.cpp">
      <Filter>Source Files</Filter>
    </ClCompile>
    <ClCompile Include="FZN\Managers\SteeringManager.cpp">
      <Filter>Source Files</Filter>
    </ClCompile>
    <ClCompile Include="FZN\Managers\WindowManager.cpp">
      <Filter>Source Files</Filter>
    </ClCompile>
    <ClCompile Include="FZN\Audio\AudioObject.cpp">
      <Filter>Source Files</Filter>
    </ClCompile>
    <ClCompile Include="FZN\Audio\Channel.cpp">
      <Filter>Source Files</Filter>
    </ClCompile>
    <ClCompile Include="FZN\Audio\Music.cpp">
      <Filter>Source Files</Filter>
    </ClCompile>
    <ClCompile Include="FZN\Audio\Sound.cpp">
      <Filter>Source Files</Filter>
    </ClCompile>
    <ClCompile Include="FZN\Multitasking\CriticalSection.cpp">
      <Filter>Source Files</Filter>
    </ClCompile>
    <ClCompile Include="FZN\Multitasking\Semaphore.cpp">
      <Filter>Source Files</Filter>
    </ClCompile>
    <ClCompile Include="FZN\Display\Animation.cpp">
      <Filter>Source Files</Filter>
    </ClCompile>
    <ClCompile Include="FZN\Display\TraceRect.cpp">
      <Filter>Source Files</Filter>
    </ClCompile>
    <ClCompile Include="FZN\Display\ProgressBar.cpp">
      <Filter>Source Files</Filter>
    </ClCompile>
    <ClCompile Include="FZN\Tools\Random.cpp">
      <Filter>Source Files</Filter>
    </ClCompile>
    <ClCompile Include="FZN\Tools\Math.cpp">
      <Filter>Source Files</Filter>
    </ClCompile>
    <ClCompile Include="FZN\Tools\Tools.cpp">
      <Filter>Source Files</Filter>
    </ClCompile>
    <ClCompile Include="FZN\Tools\Logging.cpp">
      <Filter>Source Files</Filter>
    </ClCompile>
    <ClCompile Include="FZN\Game\BehaviorTree\BTBasicElements.cpp">
      <Filter>Source Files</Filter>
    </ClCompile>
    <ClCompile Include="FZN\Game\BehaviorTree\BTComposites.cpp">
      <Filter>Source Files</Filter>
    </ClCompile>
    <ClCompile Include="FZN\Game\BehaviorTree\BTDecorators.cpp">
      <Filter>Source Files</Filter>
    </ClCompile>
    <ClCompile Include="FZN\Game\GameObject\GameObject.cpp">
      <Filter>Source Files</Filter>
    </ClCompile>
    <ClCompile Include="FZN\Game\GameObjectAI\GameObjectAI.cpp">
      <Filter>Source Files</Filter>
    </ClCompile>
    <ClCompile Include="FZN\Game\Message\Message.cpp">
      <Filter>Source Files</Filter>
    </ClCompile>
    <ClCompile Include="FZN\Game\StateMachine\StateMachine.cpp">
      <Filter>Source Files</Filter>
    </ClCompile>
    <ClCompile Include="FZN\Game\Steering\SteeringBehavior.cpp">
      <Filter>Source Files</Filter>
    </ClCompile>
    <ClCompile Include="FZN\Game\Steering\SteeringBehaviors.cpp">
      <Filter>Source Files</Filter>
    </ClCompile>
    <ClCompile Include="FZN\Game\Steering\SteeringEntity.cpp">
      <Filter>Source Files</Filter>
    </ClCompile>
    <ClCompile Include="FZN\Game\Steering\SteeringFormations.cpp">
      <Filter>Source Files</Filter>
    </ClCompile>
    <ClCompile Include="FZN\Game\Steering\SteeringObject.cpp">
      <Filter>Source Files</Filter>
    </ClCompile>
    <ClCompile Include="FZN\Display\Anm2.cpp">
      <Filter>Source Files</Filter>
    </ClCompile>
    <ClCompile Include="FZN\Tools\HermiteCubicSpline.cpp">
      <Filter>Source Files</Filter>
    </ClCompile>
    <ClCompile Include="Externals\ImGui\imgui.cpp">
      <Filter>Source Files</Filter>
    </ClCompile>
    <ClCompile Include="Externals\ImGui\imgui_demo.cpp">
      <Filter>Source Files</Filter>
    </ClCompile>
    <ClCompile Include="Externals\ImGui\imgui_draw.cpp">
      <Filter>Source Files</Filter>
    </ClCompile>
    <ClCompile Include="Externals\ImGui\imgui_widgets.cpp">
      <Filter>Source Files</Filter>
    </ClCompile>
    <ClCompile Include="Externals\ImGui\imgui-SFML.cpp">
      <Filter>Source Files</Filter>
    </ClCompile>
    <ClCompile Include="FZN\Display\BitmapFont.cpp">
      <Filter>Source Files</Filter>
    </ClCompile>
    <ClCompile Include="FZN\Display\BitmapText.cpp">
      <Filter>Source Files</Filter>
    </ClCompile>
    <ClCompile Include="FZN\Display\AnimatedProgressBar.cpp">
      <Filter>Source Files</Filter>
    </ClCompile>
    <ClCompile Include="Externals\ImGui\imgui_tables.cpp">
      <Filter>Source Files</Filter>
    </ClCompile>
    <ClCompile Include="FZN\Game\StateMachine\FZNStateMachine.cpp">
      <Filter>Source Files</Filter>
    </ClCompile>
    <ClCompile Include="Externals\ImGui\imgui_stdlib.cpp">
      <Filter>Source Files</Filter>
    </ClCompile>
    <ClCompile Include="FZN\UI\ImGuiAdditions.cpp">
      <Filter>Source Files</Filter>
    </ClCompile>
    <ClCompile Include="Externals\json\json_reader.cpp">
      <Filter>Source Files</Filter>
    </ClCompile>
    <ClCompile Include="Externals\json\json_value.cpp">
      <Filter>Source Files</Filter>
    </ClCompile>
    <ClCompile Include="Externals\json\json_writer.cpp">
      <Filter>Source Files</Filter>
    </ClCompile>
    <ClCompile Include="FZN\Display\Line.cpp">
      <Filter>Source Files</Filter>
    </ClCompile>
  </ItemGroup>
  <ItemGroup>
    <None Include="FZN\DataStructure\FixedSizeAllocator.inl">
      <Filter>Header Files</Filter>
    </None>
    <None Include="FZN\DataStructure\Vector.inl">
      <Filter>Header Files</Filter>
    </None>
    <None Include="FZN\Game\PathFinding\STLAstar.inl">
      <Filter>Header Files</Filter>
    </None>
    <None Include="cpp.hint" />
    <None Include="Externals\json\json_valueiterator.inl">
      <Filter>Header Files</Filter>
    </None>
  </ItemGroup>
  <ItemGroup>
    <Text Include="Externals\ImGui\LICENSE.txt" />
  </ItemGroup>
</Project>